<Solution>
  <Project Path="CF339A/CF339A.csproj" Id="3b60a548-ddbf-4f0d-b541-900bc9fd89fe" />
  <Project Path="CF_112_A/CF_112_A.csproj" Id="7b892b6c-5d46-4ad0-8daa-3a578deb18f7" />
  <Project Path="CF_116_A/CF_116_A.csproj" Id="ca9809c4-6d94-4fd9-9226-d9a2a7a292f6" />
  <Project Path="CF_118_A/CF_118_A.csproj" Id="73286dc8-0834-480c-943e-d53e23c24ec3" />
  <Project Path="CF_133_A/CF_133_A.csproj" Id="b690e232-815c-4316-ba84-ed7efc6ca748" />
  <Project Path="CF_236_A/CF_236_A.csproj" Id="958cd151-214f-47b4-8930-e24dc23037ae" />
  <Project Path="CF_263_A/CF_263_A.csproj" Id="28fc6af2-5d15-4899-ba8a-1cd4e3b3775a" />
  <Project Path="CF_266_A/CF_266_A.csproj" Id="6f9bbbb2-d5f1-4967-874d-719b89f87e77" />
  <Project Path="CF_282_A/CF_282_A.csproj" Id="37fb2b33-4b39-46e6-9db6-777411798b37" />
  <Project Path="CF_546_A/CF_546_A.csproj" Id="80c323d8-e4f0-4c4a-b177-5655726f2d80" />
  <Project Path="CF_58_A/CF_58_A.csproj" Id="add2d979-da6d-4144-add1-f01e6cb26d0f" />
  <Project Path="CF_59_A/CF_59_A.csproj" Id="2a346ea3-c344-4b2a-9611-6967066e142a" />
  <Project Path="CF_617_A/CF_617_A.csproj" Id="d6ee195e-b95f-45f4-8982-ffaef7db2e07" />
  <Project Path="CF_71_A/CF_71_A.csproj" />
  <Project Path="CF_791_A/CF_791_A.csproj" Id="37158db4-ff24-4910-9823-c1ac5f0311bb" />
  <Project Path="CF_96_A/CF_96_A.csproj" Id="4faa816d-bc1e-4cf7-a964-c2c3527b4384" />
  <Project Path="CF_977_A/CF_977_A.csproj" Id="5a735864-2fb0-4cc4-bc8d-694a9c7a6ae4" />
</Solution>
